
Microsoft Visual Studio Solution File, Format Version 12.00
# Visual Studio Version 16
VisualStudioVersion = 16.0.36602.28
MinimumVisualStudioVersion = 10.0.40219.1
Project("{FAE04EC0-301F-11D3-BF4B-00C04F79EFBC}") = "WingsOrdersSystem", "WingsOrdersSystem\WingsOrdersSystem.csproj", "{A54F4077-A4D9-453E-8D2D-6423FDE076DE}"
EndProject
Project("{FAE04EC0-301F-11D3-BF4B-00C04F79EFBC}") = "EdiProcessor", "EdiProcessor\EdiProcessor.csproj", "{E58FCD1E-53F6-4E85-B5A1-88755172BAC0}"
EndProject
Project("{FAE04EC0-301F-11D3-BF4B-00C04F79EFBC}") = "EFOrders", "EF_CRUD\EFOrders.csproj", "{D498FDA9-BBD0-403E-AF4E-8142A65781BA}"
EndProject
Project("{FAE04EC0-301F-11D3-BF4B-00C04F79EFBC}") = "FormsEDI", "Formularios prueba\FormsEDI.csproj", "{ED8BC13F-42E7-4840-8F52-7E90B3BABC51}"
EndProject
Project("{FAE04EC0-301F-11D3-BF4B-00C04F79EFBC}") = "XWUserControls", "XWUserControls\XWUserControls.csproj", "{20024C37-D0AD-4669-8D96-62F789CD6D79}"
EndProject
Project("{FAE04EC0-301F-11D3-BF4B-00C04F79EFBC}") = "CrystalReport", "CrystalReport\CrystalReport.csproj", "{AA9FB912-1040-4ED2-8784-EC118234B12F}"
EndProject
Project("{FAE04EC0-301F-11D3-BF4B-00C04F79EFBC}") = "FTPServerProgram", "FTPServerProgram\FTPServerProgram.csproj", "{3C2BC488-9181-4A31-94DE-944158F8540A}"
EndProject
Project("{FAE04EC0-301F-11D3-BF4B-00C04F79EFBC}") = "FormsDesigner", "FormsDesigner\FormsDesigner.csproj", "{A720E2B0-7044-49E1-BC2E-11E8394BC8DC}"
EndProject
Project("{FAE04EC0-301F-11D3-BF4B-00C04F79EFBC}") = "Factories", "Factories\Factories.csproj", "{FA6DDA1A-587B-4210-8CD0-3FD6CFB71005}"
EndProject
Project("{FAE04EC0-301F-11D3-BF4B-00C04F79EFBC}") = "OperationalAreas", "OperationalAreas\OperationalAreas.csproj", "{F5A1BFFD-F5AF-4470-8890-B10EAEB86A30}"
EndProject
Project("{FAE04EC0-301F-11D3-BF4B-00C04F79EFBC}") = "Orders", "Orders\Orders.csproj", "{8B7BFEB9-57B8-4189-B738-5E59EE9A9AB6}"
EndProject
Project("{FAE04EC0-301F-11D3-BF4B-00C04F79EFBC}") = "Routes", "Routes\Routes.csproj", "{D97B3B89-886F-4235-B88A-E4157E4B6703}"
EndProject
<<<<<<< featur/Forumulario-simple-Minhang-Lin
Project("{FAE04EC0-301F-11D3-BF4B-00C04F79EFBC}") = "FormSpaceShipTypes", "FormSpaceShipTypes\FormSpaceShipTypes.csproj", "{4BFA0E7F-3A22-47C8-AC5C-47A805EF2699}"
EndProject
Project("{FAE04EC0-301F-11D3-BF4B-00C04F79EFBC}") = "FormSpaceShipCategory", "FormSpaceShipCategory\FormSpaceShipCategory.csproj", "{B139E2E9-D95E-4810-AB13-AFC706EC69FF}"
=======
Project("{FAE04EC0-301F-11D3-BF4B-00C04F79EFBC}") = "XWInheritedControls", "XWInheritedControls\XWInheritedControls.csproj", "{C6936942-DC1A-4F2C-BBD4-B27778EE5E93}"
>>>>>>> main
EndProject
Global
	GlobalSection(SolutionConfigurationPlatforms) = preSolution
		Debug|Any CPU = Debug|Any CPU
		Release|Any CPU = Release|Any CPU
	EndGlobalSection
	GlobalSection(ProjectConfigurationPlatforms) = postSolution
		{A54F4077-A4D9-453E-8D2D-6423FDE076DE}.Debug|Any CPU.ActiveCfg = Debug|Any CPU
		{A54F4077-A4D9-453E-8D2D-6423FDE076DE}.Debug|Any CPU.Build.0 = Debug|Any CPU
		{A54F4077-A4D9-453E-8D2D-6423FDE076DE}.Release|Any CPU.ActiveCfg = Release|Any CPU
		{A54F4077-A4D9-453E-8D2D-6423FDE076DE}.Release|Any CPU.Build.0 = Release|Any CPU
		{E58FCD1E-53F6-4E85-B5A1-88755172BAC0}.Debug|Any CPU.ActiveCfg = Debug|Any CPU
		{E58FCD1E-53F6-4E85-B5A1-88755172BAC0}.Debug|Any CPU.Build.0 = Debug|Any CPU
		{E58FCD1E-53F6-4E85-B5A1-88755172BAC0}.Release|Any CPU.ActiveCfg = Release|Any CPU
		{E58FCD1E-53F6-4E85-B5A1-88755172BAC0}.Release|Any CPU.Build.0 = Release|Any CPU
		{D498FDA9-BBD0-403E-AF4E-8142A65781BA}.Debug|Any CPU.ActiveCfg = Debug|Any CPU
		{D498FDA9-BBD0-403E-AF4E-8142A65781BA}.Debug|Any CPU.Build.0 = Debug|Any CPU
		{D498FDA9-BBD0-403E-AF4E-8142A65781BA}.Release|Any CPU.ActiveCfg = Release|Any CPU
		{D498FDA9-BBD0-403E-AF4E-8142A65781BA}.Release|Any CPU.Build.0 = Release|Any CPU
		{ED8BC13F-42E7-4840-8F52-7E90B3BABC51}.Debug|Any CPU.ActiveCfg = Debug|Any CPU
		{ED8BC13F-42E7-4840-8F52-7E90B3BABC51}.Debug|Any CPU.Build.0 = Debug|Any CPU
		{ED8BC13F-42E7-4840-8F52-7E90B3BABC51}.Release|Any CPU.ActiveCfg = Release|Any CPU
		{ED8BC13F-42E7-4840-8F52-7E90B3BABC51}.Release|Any CPU.Build.0 = Release|Any CPU
		{20024C37-D0AD-4669-8D96-62F789CD6D79}.Debug|Any CPU.ActiveCfg = Debug|Any CPU
		{20024C37-D0AD-4669-8D96-62F789CD6D79}.Debug|Any CPU.Build.0 = Debug|Any CPU
		{20024C37-D0AD-4669-8D96-62F789CD6D79}.Release|Any CPU.ActiveCfg = Release|Any CPU
		{20024C37-D0AD-4669-8D96-62F789CD6D79}.Release|Any CPU.Build.0 = Release|Any CPU
		{AA9FB912-1040-4ED2-8784-EC118234B12F}.Debug|Any CPU.ActiveCfg = Debug|Any CPU
		{AA9FB912-1040-4ED2-8784-EC118234B12F}.Debug|Any CPU.Build.0 = Debug|Any CPU
		{AA9FB912-1040-4ED2-8784-EC118234B12F}.Release|Any CPU.ActiveCfg = Release|Any CPU
		{AA9FB912-1040-4ED2-8784-EC118234B12F}.Release|Any CPU.Build.0 = Release|Any CPU
		{3C2BC488-9181-4A31-94DE-944158F8540A}.Debug|Any CPU.ActiveCfg = Debug|Any CPU
		{3C2BC488-9181-4A31-94DE-944158F8540A}.Debug|Any CPU.Build.0 = Debug|Any CPU
		{3C2BC488-9181-4A31-94DE-944158F8540A}.Release|Any CPU.ActiveCfg = Release|Any CPU
		{3C2BC488-9181-4A31-94DE-944158F8540A}.Release|Any CPU.Build.0 = Release|Any CPU
		{A720E2B0-7044-49E1-BC2E-11E8394BC8DC}.Debug|Any CPU.ActiveCfg = Debug|Any CPU
		{A720E2B0-7044-49E1-BC2E-11E8394BC8DC}.Debug|Any CPU.Build.0 = Debug|Any CPU
		{A720E2B0-7044-49E1-BC2E-11E8394BC8DC}.Release|Any CPU.ActiveCfg = Release|Any CPU
		{A720E2B0-7044-49E1-BC2E-11E8394BC8DC}.Release|Any CPU.Build.0 = Release|Any CPU
		{FA6DDA1A-587B-4210-8CD0-3FD6CFB71005}.Debug|Any CPU.ActiveCfg = Debug|Any CPU
		{FA6DDA1A-587B-4210-8CD0-3FD6CFB71005}.Debug|Any CPU.Build.0 = Debug|Any CPU
		{FA6DDA1A-587B-4210-8CD0-3FD6CFB71005}.Release|Any CPU.ActiveCfg = Release|Any CPU
		{FA6DDA1A-587B-4210-8CD0-3FD6CFB71005}.Release|Any CPU.Build.0 = Release|Any CPU
		{F5A1BFFD-F5AF-4470-8890-B10EAEB86A30}.Debug|Any CPU.ActiveCfg = Debug|Any CPU
		{F5A1BFFD-F5AF-4470-8890-B10EAEB86A30}.Debug|Any CPU.Build.0 = Debug|Any CPU
		{F5A1BFFD-F5AF-4470-8890-B10EAEB86A30}.Release|Any CPU.ActiveCfg = Release|Any CPU
		{F5A1BFFD-F5AF-4470-8890-B10EAEB86A30}.Release|Any CPU.Build.0 = Release|Any CPU
		{8B7BFEB9-57B8-4189-B738-5E59EE9A9AB6}.Debug|Any CPU.ActiveCfg = Debug|Any CPU
		{8B7BFEB9-57B8-4189-B738-5E59EE9A9AB6}.Debug|Any CPU.Build.0 = Debug|Any CPU
		{8B7BFEB9-57B8-4189-B738-5E59EE9A9AB6}.Release|Any CPU.ActiveCfg = Release|Any CPU
		{8B7BFEB9-57B8-4189-B738-5E59EE9A9AB6}.Release|Any CPU.Build.0 = Release|Any CPU
		{D97B3B89-886F-4235-B88A-E4157E4B6703}.Debug|Any CPU.ActiveCfg = Debug|Any CPU
		{D97B3B89-886F-4235-B88A-E4157E4B6703}.Debug|Any CPU.Build.0 = Debug|Any CPU
		{D97B3B89-886F-4235-B88A-E4157E4B6703}.Release|Any CPU.ActiveCfg = Release|Any CPU
		{D97B3B89-886F-4235-B88A-E4157E4B6703}.Release|Any CPU.Build.0 = Release|Any CPU
<<<<<<< featur/Forumulario-simple-Minhang-Lin
		{7071662B-A2D2-4655-A3B8-8E866CE3B0F2}.Debug|Any CPU.ActiveCfg = Debug|Any CPU
		{7071662B-A2D2-4655-A3B8-8E866CE3B0F2}.Debug|Any CPU.Build.0 = Debug|Any CPU
		{7071662B-A2D2-4655-A3B8-8E866CE3B0F2}.Release|Any CPU.ActiveCfg = Release|Any CPU
		{7071662B-A2D2-4655-A3B8-8E866CE3B0F2}.Release|Any CPU.Build.0 = Release|Any CPU
		{4BFA0E7F-3A22-47C8-AC5C-47A805EF2699}.Debug|Any CPU.ActiveCfg = Debug|Any CPU
		{4BFA0E7F-3A22-47C8-AC5C-47A805EF2699}.Debug|Any CPU.Build.0 = Debug|Any CPU
		{4BFA0E7F-3A22-47C8-AC5C-47A805EF2699}.Release|Any CPU.ActiveCfg = Release|Any CPU
		{4BFA0E7F-3A22-47C8-AC5C-47A805EF2699}.Release|Any CPU.Build.0 = Release|Any CPU
		{B139E2E9-D95E-4810-AB13-AFC706EC69FF}.Debug|Any CPU.ActiveCfg = Debug|Any CPU
		{B139E2E9-D95E-4810-AB13-AFC706EC69FF}.Debug|Any CPU.Build.0 = Debug|Any CPU
		{B139E2E9-D95E-4810-AB13-AFC706EC69FF}.Release|Any CPU.ActiveCfg = Release|Any CPU
		{B139E2E9-D95E-4810-AB13-AFC706EC69FF}.Release|Any CPU.Build.0 = Release|Any CPU
=======
		{C6936942-DC1A-4F2C-BBD4-B27778EE5E93}.Debug|Any CPU.ActiveCfg = Debug|Any CPU
		{C6936942-DC1A-4F2C-BBD4-B27778EE5E93}.Debug|Any CPU.Build.0 = Debug|Any CPU
		{C6936942-DC1A-4F2C-BBD4-B27778EE5E93}.Release|Any CPU.ActiveCfg = Release|Any CPU
		{C6936942-DC1A-4F2C-BBD4-B27778EE5E93}.Release|Any CPU.Build.0 = Release|Any CPU
>>>>>>> main
	EndGlobalSection
	GlobalSection(SolutionProperties) = preSolution
		HideSolutionNode = FALSE
	EndGlobalSection
	GlobalSection(ExtensibilityGlobals) = postSolution
		SolutionGuid = {63E2D827-5FCE-4973-88B9-69590592B666}
	EndGlobalSection
EndGlobal
